// !$*UTF8*$!
{
	archiveVersion = 1;
	classes = {
	};
	objectVersion = 50;
	objects = {

/* Begin PBXBuildFile section */
		2A595B2226718B54007EE945 /* AppDelegate.swift in Sources */ = {isa = PBXBuildFile; fileRef = 2A595B2126718B54007EE945 /* AppDelegate.swift */; };
		2A595B2426718B54007EE945 /* SceneDelegate.swift in Sources */ = {isa = PBXBuildFile; fileRef = 2A595B2326718B54007EE945 /* SceneDelegate.swift */; };
		2A595B2626718B54007EE945 /* ViewController.swift in Sources */ = {isa = PBXBuildFile; fileRef = 2A595B2526718B54007EE945 /* ViewController.swift */; };
		2A595B2926718B54007EE945 /* Main.storyboard in Resources */ = {isa = PBXBuildFile; fileRef = 2A595B2726718B54007EE945 /* Main.storyboard */; };
		2A595B2B26718B55007EE945 /* Assets.xcassets in Resources */ = {isa = PBXBuildFile; fileRef = 2A595B2A26718B55007EE945 /* Assets.xcassets */; };
		2A595B2E26718B55007EE945 /* LaunchScreen.storyboard in Resources */ = {isa = PBXBuildFile; fileRef = 2A595B2C26718B55007EE945 /* LaunchScreen.storyboard */; };
		2A595B3926718B55007EE945 /* JogoDaMemoriaTests.swift in Sources */ = {isa = PBXBuildFile; fileRef = 2A595B3826718B55007EE945 /* JogoDaMemoriaTests.swift */; };
		2A595B4426718B55007EE945 /* JogoDaMemoriaUITests.swift in Sources */ = {isa = PBXBuildFile; fileRef = 2A595B4326718B55007EE945 /* JogoDaMemoriaUITests.swift */; };
/* End PBXBuildFile section */

/* Begin PBXContainerItemProxy section */
		2A595B3526718B55007EE945 /* PBXContainerItemProxy */ = {
			isa = PBXContainerItemProxy;
			containerPortal = 2A595B1626718B54007EE945 /* Project object */;
			proxyType = 1;
			remoteGlobalIDString = 2A595B1D26718B54007EE945;
			remoteInfo = JogoDaMemoria;
		};
		2A595B4026718B55007EE945 /* PBXContainerItemProxy */ = {
			isa = PBXContainerItemProxy;
			containerPortal = 2A595B1626718B54007EE945 /* Project object */;
			proxyType = 1;
			remoteGlobalIDString = 2A595B1D26718B54007EE945;
			remoteInfo = JogoDaMemoria;
		};
/* End PBXContainerItemProxy section */

/* Begin PBXFileReference section */
		2A595B1E26718B54007EE945 /* JogoDaMemoria.app */ = {isa = PBXFileReference; explicitFileType = wrapper.application; includeInIndex = 0; path = JogoDaMemoria.app; sourceTree = BUILT_PRODUCTS_DIR; };
		2A595B2126718B54007EE945 /* AppDelegate.swift */ = {isa = PBXFileReference; lastKnownFileType = sourcecode.swift; path = AppDelegate.swift; sourceTree = "<group>"; };
		2A595B2326718B54007EE945 /* SceneDelegate.swift */ = {isa = PBXFileReference; lastKnownFileType = sourcecode.swift; path = SceneDelegate.swift; sourceTree = "<group>"; };
		2A595B2526718B54007EE945 /* ViewController.swift */ = {isa = PBXFileReference; lastKnownFileType = sourcecode.swift; path = ViewController.swift; sourceTree = "<group>"; };
		2A595B2826718B54007EE945 /* Base */ = {isa = PBXFileReference; lastKnownFileType = file.storyboard; name = Base; path = Base.lproj/Main.storyboard; sourceTree = "<group>"; };
		2A595B2A26718B55007EE945 /* Assets.xcassets */ = {isa = PBXFileReference; lastKnownFileType = folder.assetcatalog; path = Assets.xcassets; sourceTree = "<group>"; };
		2A595B2D26718B55007EE945 /* Base */ = {isa = PBXFileReference; lastKnownFileType = file.storyboard; name = Base; path = Base.lproj/LaunchScreen.storyboard; sourceTree = "<group>"; };
		2A595B2F26718B55007EE945 /* Info.plist */ = {isa = PBXFileReference; lastKnownFileType = text.plist.xml; path = Info.plist; sourceTree = "<group>"; };
		2A595B3426718B55007EE945 /* JogoDaMemoriaTests.xctest */ = {isa = PBXFileReference; explicitFileType = wrapper.cfbundle; includeInIndex = 0; path = JogoDaMemoriaTests.xctest; sourceTree = BUILT_PRODUCTS_DIR; };
		2A595B3826718B55007EE945 /* JogoDaMemoriaTests.swift */ = {isa = PBXFileReference; lastKnownFileType = sourcecode.swift; path = JogoDaMemoriaTests.swift; sourceTree = "<group>"; };
		2A595B3A26718B55007EE945 /* Info.plist */ = {isa = PBXFileReference; lastKnownFileType = text.plist.xml; path = Info.plist; sourceTree = "<group>"; };
		2A595B3F26718B55007EE945 /* JogoDaMemoriaUITests.xctest */ = {isa = PBXFileReference; explicitFileType = wrapper.cfbundle; includeInIndex = 0; path = JogoDaMemoriaUITests.xctest; sourceTree = BUILT_PRODUCTS_DIR; };
		2A595B4326718B55007EE945 /* JogoDaMemoriaUITests.swift */ = {isa = PBXFileReference; lastKnownFileType = sourcecode.swift; path = JogoDaMemoriaUITests.swift; sourceTree = "<group>"; };
		2A595B4526718B55007EE945 /* Info.plist */ = {isa = PBXFileReference; lastKnownFileType = text.plist.xml; path = Info.plist; sourceTree = "<group>"; };
/* End PBXFileReference section */

/* Begin PBXFrameworksBuildPhase section */
		2A595B1B26718B54007EE945 /* Frameworks */ = {
			isa = PBXFrameworksBuildPhase;
			buildActionMask = 2147483647;
			files = (
			);
			runOnlyForDeploymentPostprocessing = 0;
		};
		2A595B3126718B55007EE945 /* Frameworks */ = {
			isa = PBXFrameworksBuildPhase;
			buildActionMask = 2147483647;
			files = (
			);
			runOnlyForDeploymentPostprocessing = 0;
		};
		2A595B3C26718B55007EE945 /* Frameworks */ = {
			isa = PBXFrameworksBuildPhase;
			buildActionMask = 2147483647;
			files = (
			);
			runOnlyForDeploymentPostprocessing = 0;
		};
/* End PBXFrameworksBuildPhase section */

/* Begin PBXGroup section */
		2A595B1526718B54007EE945 = {
			isa = PBXGroup;
			children = (
				2A595B2026718B54007EE945 /* JogoDaMemoria */,
				2A595B3726718B55007EE945 /* JogoDaMemoriaTests */,
				2A595B4226718B55007EE945 /* JogoDaMemoriaUITests */,
				2A595B1F26718B54007EE945 /* Products */,
			);
			sourceTree = "<group>";
		};
		2A595B1F26718B54007EE945 /* Products */ = {
			isa = PBXGroup;
			children = (
				2A595B1E26718B54007EE945 /* JogoDaMemoria.app */,
				2A595B3426718B55007EE945 /* JogoDaMemoriaTests.xctest */,
				2A595B3F26718B55007EE945 /* JogoDaMemoriaUITests.xctest */,
			);
			name = Products;
			sourceTree = "<group>";
		};
		2A595B2026718B54007EE945 /* JogoDaMemoria */ = {
			isa = PBXGroup;
			children = (
				2A595B2126718B54007EE945 /* AppDelegate.swift */,
				2A595B2326718B54007EE945 /* SceneDelegate.swift */,
				2A595B2526718B54007EE945 /* ViewController.swift */,
				2A595B2726718B54007EE945 /* Main.storyboard */,
				2A595B2A26718B55007EE945 /* Assets.xcassets */,
				2A595B2C26718B55007EE945 /* LaunchScreen.storyboard */,
				2A595B2F26718B55007EE945 /* Info.plist */,
			);
			path = JogoDaMemoria;
			sourceTree = "<group>";
		};
		2A595B3726718B55007EE945 /* JogoDaMemoriaTests */ = {
			isa = PBXGroup;
			children = (
				2A595B3826718B55007EE945 /* JogoDaMemoriaTests.swift */,
				2A595B3A26718B55007EE945 /* Info.plist */,
			);
			path = JogoDaMemoriaTests;
			sourceTree = "<group>";
		};
		2A595B4226718B55007EE945 /* JogoDaMemoriaUITests */ = {
			isa = PBXGroup;
			children = (
				2A595B4326718B55007EE945 /* JogoDaMemoriaUITests.swift */,
				2A595B4526718B55007EE945 /* Info.plist */,
			);
			path = JogoDaMemoriaUITests;
			sourceTree = "<group>";
		};
/* End PBXGroup section */

/* Begin PBXNativeTarget section */
		2A595B1D26718B54007EE945 /* JogoDaMemoria */ = {
			isa = PBXNativeTarget;
			buildConfigurationList = 2A595B4826718B55007EE945 /* Build configuration list for PBXNativeTarget "JogoDaMemoria" */;
			buildPhases = (
				2A595B1A26718B54007EE945 /* Sources */,
				2A595B1B26718B54007EE945 /* Frameworks */,
				2A595B1C26718B54007EE945 /* Resources */,
			);
			buildRules = (
			);
			dependencies = (
			);
			name = JogoDaMemoria;
			productName = JogoDaMemoria;
			productReference = 2A595B1E26718B54007EE945 /* JogoDaMemoria.app */;
			productType = "com.apple.product-type.application";
		};
		2A595B3326718B55007EE945 /* JogoDaMemoriaTests */ = {
			isa = PBXNativeTarget;
			buildConfigurationList = 2A595B4B26718B55007EE945 /* Build configuration list for PBXNativeTarget "JogoDaMemoriaTests" */;
			buildPhases = (
				2A595B3026718B55007EE945 /* Sources */,
				2A595B3126718B55007EE945 /* Frameworks */,
				2A595B3226718B55007EE945 /* Resources */,
			);
			buildRules = (
			);
			dependencies = (
				2A595B3626718B55007EE945 /* PBXTargetDependency */,
			);
			name = JogoDaMemoriaTests;
			productName = JogoDaMemoriaTests;
			productReference = 2A595B3426718B55007EE945 /* JogoDaMemoriaTests.xctest */;
			productType = "com.apple.product-type.bundle.unit-test";
		};
		2A595B3E26718B55007EE945 /* JogoDaMemoriaUITests */ = {
			isa = PBXNativeTarget;
			buildConfigurationList = 2A595B4E26718B55007EE945 /* Build configuration list for PBXNativeTarget "JogoDaMemoriaUITests" */;
			buildPhases = (
				2A595B3B26718B55007EE945 /* Sources */,
				2A595B3C26718B55007EE945 /* Frameworks */,
				2A595B3D26718B55007EE945 /* Resources */,
			);
			buildRules = (
			);
			dependencies = (
				2A595B4126718B55007EE945 /* PBXTargetDependency */,
			);
			name = JogoDaMemoriaUITests;
			productName = JogoDaMemoriaUITests;
			productReference = 2A595B3F26718B55007EE945 /* JogoDaMemoriaUITests.xctest */;
			productType = "com.apple.product-type.bundle.ui-testing";
		};
/* End PBXNativeTarget section */

/* Begin PBXProject section */
		2A595B1626718B54007EE945 /* Project object */ = {
			isa = PBXProject;
			attributes = {
				LastSwiftUpdateCheck = 1250;
				LastUpgradeCheck = 1250;
				TargetAttributes = {
					2A595B1D26718B54007EE945 = {
						CreatedOnToolsVersion = 12.5;
					};
					2A595B3326718B55007EE945 = {
						CreatedOnToolsVersion = 12.5;
						TestTargetID = 2A595B1D26718B54007EE945;
					};
					2A595B3E26718B55007EE945 = {
						CreatedOnToolsVersion = 12.5;
						TestTargetID = 2A595B1D26718B54007EE945;
					};
				};
			};
			buildConfigurationList = 2A595B1926718B54007EE945 /* Build configuration list for PBXProject "JogoDaMemoria" */;
			compatibilityVersion = "Xcode 9.3";
			developmentRegion = en;
			hasScannedForEncodings = 0;
			knownRegions = (
				en,
				Base,
			);
			mainGroup = 2A595B1526718B54007EE945;
			productRefGroup = 2A595B1F26718B54007EE945 /* Products */;
			projectDirPath = "";
			projectRoot = "";
			targets = (
				2A595B1D26718B54007EE945 /* JogoDaMemoria */,
				2A595B3326718B55007EE945 /* JogoDaMemoriaTests */,
				2A595B3E26718B55007EE945 /* JogoDaMemoriaUITests */,
			);
		};
/* End PBXProject section */

/* Begin PBXResourcesBuildPhase section */
		2A595B1C26718B54007EE945 /* Resources */ = {
			isa = PBXResourcesBuildPhase;
			buildActionMask = 2147483647;
			files = (
				2A595B2E26718B55007EE945 /* LaunchScreen.storyboard in Resources */,
				2A595B2B26718B55007EE945 /* Assets.xcassets in Resources */,
				2A595B2926718B54007EE945 /* Main.storyboard in Resources */,
			);
			runOnlyForDeploymentPostprocessing = 0;
		};
		2A595B3226718B55007EE945 /* Resources */ = {
			isa = PBXResourcesBuildPhase;
			buildActionMask = 2147483647;
			files = (
			);
			runOnlyForDeploymentPostprocessing = 0;
		};
		2A595B3D26718B55007EE945 /* Resources */ = {
			isa = PBXResourcesBuildPhase;
			buildActionMask = 2147483647;
			files = (
			);
			runOnlyForDeploymentPostprocessing = 0;
		};
/* End PBXResourcesBuildPhase section */

/* Begin PBXSourcesBuildPhase section */
		2A595B1A26718B54007EE945 /* Sources */ = {
			isa = PBXSourcesBuildPhase;
			buildActionMask = 2147483647;
			files = (
				2A595B2626718B54007EE945 /* ViewController.swift in Sources */,
				2A595B2226718B54007EE945 /* AppDelegate.swift in Sources */,
				2A595B2426718B54007EE945 /* SceneDelegate.swift in Sources */,
			);
			runOnlyForDeploymentPostprocessing = 0;
		};
		2A595B3026718B55007EE945 /* Sources */ = {
			isa = PBXSourcesBuildPhase;
			buildActionMask = 2147483647;
			files = (
				2A595B3926718B55007EE945 /* JogoDaMemoriaTests.swift in Sources */,
			);
			runOnlyForDeploymentPostprocessing = 0;
		};
		2A595B3B26718B55007EE945 /* Sources */ = {
			isa = PBXSourcesBuildPhase;
			buildActionMask = 2147483647;
			files = (
				2A595B4426718B55007EE945 /* JogoDaMemoriaUITests.swift in Sources */,
			);
			runOnlyForDeploymentPostprocessing = 0;
		};
/* End PBXSourcesBuildPhase section */

/* Begin PBXTargetDependency section */
		2A595B3626718B55007EE945 /* PBXTargetDependency */ = {
			isa = PBXTargetDependency;
			target = 2A595B1D26718B54007EE945 /* JogoDaMemoria */;
			targetProxy = 2A595B3526718B55007EE945 /* PBXContainerItemProxy */;
		};
		2A595B4126718B55007EE945 /* PBXTargetDependency */ = {
			isa = PBXTargetDependency;
			target = 2A595B1D26718B54007EE945 /* JogoDaMemoria */;
			targetProxy = 2A595B4026718B55007EE945 /* PBXContainerItemProxy */;
		};
/* End PBXTargetDependency section */

/* Begin PBXVariantGroup section */
		2A595B2726718B54007EE945 /* Main.storyboard */ = {
			isa = PBXVariantGroup;
			children = (
				2A595B2826718B54007EE945 /* Base */,
			);
			name = Main.storyboard;
			sourceTree = "<group>";
		};
		2A595B2C26718B55007EE945 /* LaunchScreen.storyboard */ = {
			isa = PBXVariantGroup;
			children = (
				2A595B2D26718B55007EE945 /* Base */,
			);
			name = LaunchScreen.storyboard;
			sourceTree = "<group>";
		};
/* End PBXVariantGroup section */

/* Begin XCBuildConfiguration section */
		2A595B4626718B55007EE945 /* Debug */ = {
			isa = XCBuildConfiguration;
			buildSettings = {
				ALWAYS_SEARCH_USER_PATHS = NO;
				CLANG_ANALYZER_NONNULL = YES;
				CLANG_ANALYZER_NUMBER_OBJECT_CONVERSION = YES_AGGRESSIVE;
				CLANG_CXX_LANGUAGE_STANDARD = "gnu++14";
				CLANG_CXX_LIBRARY = "libc++";
				CLANG_ENABLE_MODULES = YES;
				CLANG_ENABLE_OBJC_ARC = YES;
				CLANG_ENABLE_OBJC_WEAK = YES;
				CLANG_WARN_BLOCK_CAPTURE_AUTORELEASING = YES;
				CLANG_WARN_BOOL_CONVERSION = YES;
				CLANG_WARN_COMMA = YES;
				CLANG_WARN_CONSTANT_CONVERSION = YES;
				CLANG_WARN_DEPRECATED_OBJC_IMPLEMENTATIONS = YES;
				CLANG_WARN_DIRECT_OBJC_ISA_USAGE = YES_ERROR;
				CLANG_WARN_DOCUMENTATION_COMMENTS = YES;
				CLANG_WARN_EMPTY_BODY = YES;
				CLANG_WARN_ENUM_CONVERSION = YES;
				CLANG_WARN_INFINITE_RECURSION = YES;
				CLANG_WARN_INT_CONVERSION = YES;
				CLANG_WARN_NON_LITERAL_NULL_CONVERSION = YES;
				CLANG_WARN_OBJC_IMPLICIT_RETAIN_SELF = YES;
				CLANG_WARN_OBJC_LITERAL_CONVERSION = YES;
				CLANG_WARN_OBJC_ROOT_CLASS = YES_ERROR;
				CLANG_WARN_QUOTED_INCLUDE_IN_FRAMEWORK_HEADER = YES;
				CLANG_WARN_RANGE_LOOP_ANALYSIS = YES;
				CLANG_WARN_STRICT_PROTOTYPES = YES;
				CLANG_WARN_SUSPICIOUS_MOVE = YES;
				CLANG_WARN_UNGUARDED_AVAILABILITY = YES_AGGRESSIVE;
				CLANG_WARN_UNREACHABLE_CODE = YES;
				CLANG_WARN__DUPLICATE_METHOD_MATCH = YES;
				COPY_PHASE_STRIP = NO;
				DEBUG_INFORMATION_FORMAT = dwarf;
				ENABLE_STRICT_OBJC_MSGSEND = YES;
				ENABLE_TESTABILITY = YES;
				GCC_C_LANGUAGE_STANDARD = gnu11;
				GCC_DYNAMIC_NO_PIC = NO;
				GCC_NO_COMMON_BLOCKS = YES;
				GCC_OPTIMIZATION_LEVEL = 0;
				GCC_PREPROCESSOR_DEFINITIONS = (
					"DEBUG=1",
					"$(inherited)",
				);
				GCC_WARN_64_TO_32_BIT_CONVERSION = YES;
				GCC_WARN_ABOUT_RETURN_TYPE = YES_ERROR;
				GCC_WARN_UNDECLARED_SELECTOR = YES;
				GCC_WARN_UNINITIALIZED_AUTOS = YES_AGGRESSIVE;
				GCC_WARN_UNUSED_FUNCTION = YES;
				GCC_WARN_UNUSED_VARIABLE = YES;
				IPHONEOS_DEPLOYMENT_TARGET = 14.5;
				MTL_ENABLE_DEBUG_INFO = INCLUDE_SOURCE;
				MTL_FAST_MATH = YES;
				ONLY_ACTIVE_ARCH = YES;
				SDKROOT = iphoneos;
				SWIFT_ACTIVE_COMPILATION_CONDITIONS = DEBUG;
				SWIFT_OPTIMIZATION_LEVEL = "-Onone";
			};
			name = Debug;
		};
		2A595B4726718B55007EE945 /* Release */ = {
			isa = XCBuildConfiguration;
			buildSettings = {
				ALWAYS_SEARCH_USER_PATHS = NO;
				CLANG_ANALYZER_NONNULL = YES;
				CLANG_ANALYZER_NUMBER_OBJECT_CONVERSION = YES_AGGRESSIVE;
				CLANG_CXX_LANGUAGE_STANDARD = "gnu++14";
				CLANG_CXX_LIBRARY = "libc++";
				CLANG_ENABLE_MODULES = YES;
				CLANG_ENABLE_OBJC_ARC = YES;
				CLANG_ENABLE_OBJC_WEAK = YES;
				CLANG_WARN_BLOCK_CAPTURE_AUTORELEASING = YES;
				CLANG_WARN_BOOL_CONVERSION = YES;
				CLANG_WARN_COMMA = YES;
				CLANG_WARN_CONSTANT_CONVERSION = YES;
				CLANG_WARN_DEPRECATED_OBJC_IMPLEMENTATIONS = YES;
				CLANG_WARN_DIRECT_OBJC_ISA_USAGE = YES_ERROR;
				CLANG_WARN_DOCUMENTATION_COMMENTS = YES;
				CLANG_WARN_EMPTY_BODY = YES;
				CLANG_WARN_ENUM_CONVERSION = YES;
				CLANG_WARN_INFINITE_RECURSION = YES;
				CLANG_WARN_INT_CONVERSION = YES;
				CLANG_WARN_NON_LITERAL_NULL_CONVERSION = YES;
				CLANG_WARN_OBJC_IMPLICIT_RETAIN_SELF = YES;
				CLANG_WARN_OBJC_LITERAL_CONVERSION = YES;
				CLANG_WARN_OBJC_ROOT_CLASS = YES_ERROR;
				CLANG_WARN_QUOTED_INCLUDE_IN_FRAMEWORK_HEADER = YES;
				CLANG_WARN_RANGE_LOOP_ANALYSIS = YES;
				CLANG_WARN_STRICT_PROTOTYPES = YES;
				CLANG_WARN_SUSPICIOUS_MOVE = YES;
				CLANG_WARN_UNGUARDED_AVAILABILITY = YES_AGGRESSIVE;
				CLANG_WARN_UNREACHABLE_CODE = YES;
				CLANG_WARN__DUPLICATE_METHOD_MATCH = YES;
				COPY_PHASE_STRIP = NO;
				DEBUG_INFORMATION_FORMAT = "dwarf-with-dsym";
				ENABLE_NS_ASSERTIONS = NO;
				ENABLE_STRICT_OBJC_MSGSEND = YES;
				GCC_C_LANGUAGE_STANDARD = gnu11;
				GCC_NO_COMMON_BLOCKS = YES;
				GCC_WARN_64_TO_32_BIT_CONVERSION = YES;
				GCC_WARN_ABOUT_RETURN_TYPE = YES_ERROR;
				GCC_WARN_UNDECLARED_SELECTOR = YES;
				GCC_WARN_UNINITIALIZED_AUTOS = YES_AGGRESSIVE;
				GCC_WARN_UNUSED_FUNCTION = YES;
				GCC_WARN_UNUSED_VARIABLE = YES;
				IPHONEOS_DEPLOYMENT_TARGET = 14.5;
				MTL_ENABLE_DEBUG_INFO = NO;
				MTL_FAST_MATH = YES;
				SDKROOT = iphoneos;
				SWIFT_COMPILATION_MODE = wholemodule;
				SWIFT_OPTIMIZATION_LEVEL = "-O";
				VALIDATE_PRODUCT = YES;
			};
			name = Release;
		};
		2A595B4926718B55007EE945 /* Debug */ = {
			isa = XCBuildConfiguration;
			buildSettings = {
				ASSETCATALOG_COMPILER_APPICON_NAME = AppIcon;
				ASSETCATALOG_COMPILER_GLOBAL_ACCENT_COLOR_NAME = AccentColor;
				CODE_SIGN_STYLE = Automatic;
				INFOPLIST_FILE = JogoDaMemoria/Info.plist;
				LD_RUNPATH_SEARCH_PATHS = (
					"$(inherited)",
					"@executable_path/Frameworks",
				);
				PRODUCT_BUNDLE_IDENTIFIER = br.com.cwi.JogoDaMemoria;
				PRODUCT_NAME = "$(TARGET_NAME)";
				SWIFT_VERSION = 5.0;
				TARGETED_DEVICE_FAMILY = "1,2";
			};
			name = Debug;
		};
		2A595B4A26718B55007EE945 /* Release */ = {
			isa = XCBuildConfiguration;
			buildSettings = {
				ASSETCATALOG_COMPILER_APPICON_NAME = AppIcon;
				ASSETCATALOG_COMPILER_GLOBAL_ACCENT_COLOR_NAME = AccentColor;
				CODE_SIGN_STYLE = Automatic;
				INFOPLIST_FILE = JogoDaMemoria/Info.plist;
				LD_RUNPATH_SEARCH_PATHS = (
					"$(inherited)",
					"@executable_path/Frameworks",
				);
				PRODUCT_BUNDLE_IDENTIFIER = br.com.cwi.JogoDaMemoria;
				PRODUCT_NAME = "$(TARGET_NAME)";
				SWIFT_VERSION = 5.0;
				TARGETED_DEVICE_FAMILY = "1,2";
			};
			name = Release;
		};
		2A595B4C26718B55007EE945 /* Debug */ = {
			isa = XCBuildConfiguration;
			buildSettings = {
				ALWAYS_EMBED_SWIFT_STANDARD_LIBRARIES = YES;
				BUNDLE_LOADER = "$(TEST_HOST)";
				CODE_SIGN_STYLE = Automatic;
				INFOPLIST_FILE = JogoDaMemoriaTests/Info.plist;
				IPHONEOS_DEPLOYMENT_TARGET = 14.5;
				LD_RUNPATH_SEARCH_PATHS = (
					"$(inherited)",
					"@executable_path/Frameworks",
					"@loader_path/Frameworks",
				);
				PRODUCT_BUNDLE_IDENTIFIER = br.com.cwi.JogoDaMemoriaTests;
				PRODUCT_NAME = "$(TARGET_NAME)";
				SWIFT_VERSION = 5.0;
				TARGETED_DEVICE_FAMILY = "1,2";
				TEST_HOST = "$(BUILT_PRODUCTS_DIR)/JogoDaMemoria.app/JogoDaMemoria";
			};
			name = Debug;
		};
		2A595B4D26718B55007EE945 /* Release */ = {
			isa = XCBuildConfiguration;
			buildSettings = {
				ALWAYS_EMBED_SWIFT_STANDARD_LIBRARIES = YES;
				BUNDLE_LOADER = "$(TEST_HOST)";
				CODE_SIGN_STYLE = Automatic;
				INFOPLIST_FILE = JogoDaMemoriaTests/Info.plist;
				IPHONEOS_DEPLOYMENT_TARGET = 14.5;
				LD_RUNPATH_SEARCH_PATHS = (
					"$(inherited)",
					"@executable_path/Frameworks",
					"@loader_path/Frameworks",
				);
				PRODUCT_BUNDLE_IDENTIFIER = br.com.cwi.JogoDaMemoriaTests;
				PRODUCT_NAME = "$(TARGET_NAME)";
				SWIFT_VERSION = 5.0;
				TARGETED_DEVICE_FAMILY = "1,2";
				TEST_HOST = "$(BUILT_PRODUCTS_DIR)/JogoDaMemoria.app/JogoDaMemoria";
			};
			name = Release;
		};
		2A595B4F26718B55007EE945 /* Debug */ = {
			isa = XCBuildConfiguration;
			buildSettings = {
				ALWAYS_EMBED_SWIFT_STANDARD_LIBRARIES = YES;
				CODE_SIGN_STYLE = Automatic;
				INFOPLIST_FILE = JogoDaMemoriaUITests/Info.plist;
				LD_RUNPATH_SEARCH_PATHS = (
					"$(inherited)",
					"@executable_path/Frameworks",
					"@loader_path/Frameworks",
				);
				PRODUCT_BUNDLE_IDENTIFIER = br.com.cwi.JogoDaMemoriaUITests;
				PRODUCT_NAME = "$(TARGET_NAME)";
				SWIFT_VERSION = 5.0;
				TARGETED_DEVICE_FAMILY = "1,2";
				TEST_TARGET_NAME = JogoDaMemoria;
			};
			name = Debug;
		};
		2A595B5026718B55007EE945 /* Release */ = {
			isa = XCBuildConfiguration;
			buildSettings = {
				ALWAYS_EMBED_SWIFT_STANDARD_LIBRARIES = YES;
				CODE_SIGN_STYLE = Automatic;
				INFOPLIST_FILE = JogoDaMemoriaUITests/Info.plist;
				LD_RUNPATH_SEARCH_PATHS = (
					"$(inherited)",
					"@executable_path/Frameworks",
					"@loader_path/Frameworks",
				);
				PRODUCT_BUNDLE_IDENTIFIER = br.com.cwi.JogoDaMemoriaUITests;
				PRODUCT_NAME = "$(TARGET_NAME)";
				SWIFT_VERSION = 5.0;
				TARGETED_DEVICE_FAMILY = "1,2";
				TEST_TARGET_NAME = JogoDaMemoria;
			};
			name = Release;
		};
/* End XCBuildConfiguration section */

/* Begin XCConfigurationList section */
		2A595B1926718B54007EE945 /* Build configuration list for PBXProject "JogoDaMemoria" */ = {
			isa = XCConfigurationList;
			buildConfigurations = (
				2A595B4626718B55007EE945 /* Debug */,
				2A595B4726718B55007EE945 /* Release */,
			);
			defaultConfigurationIsVisible = 0;
			defaultConfigurationName = Release;
		};
		2A595B4826718B55007EE945 /* Build configuration list for PBXNativeTarget "JogoDaMemoria" */ = {
			isa = XCConfigurationList;
			buildConfigurations = (
				2A595B4926718B55007EE945 /* Debug */,
				2A595B4A26718B55007EE945 /* Release */,
			);
			defaultConfigurationIsVisible = 0;
			defaultConfigurationName = Release;
		};
		2A595B4B26718B55007EE945 /* Build configuration list for PBXNativeTarget "JogoDaMemoriaTests" */ = {
			isa = XCConfigurationList;
			buildConfigurations = (
				2A595B4C26718B55007EE945 /* Debug */,
				2A595B4D26718B55007EE945 /* Release */,
			);
			defaultConfigurationIsVisible = 0;
			defaultConfigurationName = Release;
		};
		2A595B4E26718B55007EE945 /* Build configuration list for PBXNativeTarget "JogoDaMemoriaUITests" */ = {
			isa = XCConfigurationList;
			buildConfigurations = (
				2A595B4F26718B55007EE945 /* Debug */,
				2A595B5026718B55007EE945 /* Release */,
			);
			defaultConfigurationIsVisible = 0;
			defaultConfigurationName = Release;
		};
/* End XCConfigurationList section */
	};
	rootObject = 2A595B1626718B54007EE945 /* Project object */;
}
